
Microsoft Visual Studio Solution File, Format Version 12.00
# Visual Studio 15
VisualStudioVersion = 15.0.28307.757
MinimumVisualStudioVersion = 10.0.40219.1
Project("{FAE04EC0-301F-11D3-BF4B-00C04F79EFBC}") = "Amorem Artis", "Amorem Artis\Amorem Artis.csproj", "{D3FD6412-E02B-48E7-97DD-0F9871A3567C}"
EndProject
Global
	GlobalSection(SolutionConfigurationPlatforms) = preSolution
		Debug|Any CPU = Debug|Any CPU
		Release|Any CPU = Release|Any CPU
	EndGlobalSection
	GlobalSection(ProjectConfigurationPlatforms) = postSolution
		{D3FD6412-E02B-48E7-97DD-0F9871A3567C}.Debug|Any CPU.ActiveCfg = Debug|Any CPU
		{D3FD6412-E02B-48E7-97DD-0F9871A3567C}.Debug|Any CPU.Build.0 = Debug|Any CPU
		{D3FD6412-E02B-48E7-97DD-0F9871A3567C}.Release|Any CPU.ActiveCfg = Release|Any CPU
		{D3FD6412-E02B-48E7-97DD-0F9871A3567C}.Release|Any CPU.Build.0 = Release|Any CPU
	EndGlobalSection
	GlobalSection(SolutionProperties) = preSolution
		HideSolutionNode = FALSE
	EndGlobalSection
	GlobalSection(ExtensibilityGlobals) = postSolution
		SolutionGuid = {3971504F-42C1-436A-8034-F164F32927E0}
	EndGlobalSection
EndGlobal
